// !$*UTF8*$!
{
	archiveVersion = 1;
	classes = {
	};
	objectVersion = 50;
	objects = {

/* Begin PBXBuildFile section */
		5367FCDF25B0289E00CA0311 /* AppDelegate.m in Sources */ = {isa = PBXBuildFile; fileRef = 5367FCDE25B0289E00CA0311 /* AppDelegate.m */; };
		5367FCE225B0289E00CA0311 /* SceneDelegate.m in Sources */ = {isa = PBXBuildFile; fileRef = 5367FCE125B0289E00CA0311 /* SceneDelegate.m */; };
		5367FCE525B0289E00CA0311 /* MainViewController.m in Sources */ = {isa = PBXBuildFile; fileRef = 5367FCE425B0289E00CA0311 /* MainViewController.m */; };
		5367FCEA25B028A200CA0311 /* Assets.xcassets in Resources */ = {isa = PBXBuildFile; fileRef = 5367FCE925B028A200CA0311 /* Assets.xcassets */; };
		5367FCED25B028A200CA0311 /* LaunchScreen.storyboard in Resources */ = {isa = PBXBuildFile; fileRef = 5367FCEB25B028A200CA0311 /* LaunchScreen.storyboard */; };
		5367FCF025B028A200CA0311 /* main.m in Sources */ = {isa = PBXBuildFile; fileRef = 5367FCEF25B028A200CA0311 /* main.m */; };
		5367FD0025B03DD800CA0311 /* SecondViewController.m in Sources */ = {isa = PBXBuildFile; fileRef = 5367FCFF25B03DD800CA0311 /* SecondViewController.m */; };
/* End PBXBuildFile section */

/* Begin PBXFileReference section */
		5367FCDA25B0289E00CA0311 /* Lesson_01_HW.app */ = {isa = PBXFileReference; explicitFileType = wrapper.application; includeInIndex = 0; path = Lesson_01_HW.app; sourceTree = BUILT_PRODUCTS_DIR; };
		5367FCDD25B0289E00CA0311 /* AppDelegate.h */ = {isa = PBXFileReference; lastKnownFileType = sourcecode.c.h; path = AppDelegate.h; sourceTree = "<group>"; };
		5367FCDE25B0289E00CA0311 /* AppDelegate.m */ = {isa = PBXFileReference; lastKnownFileType = sourcecode.c.objc; path = AppDelegate.m; sourceTree = "<group>"; };
		5367FCE025B0289E00CA0311 /* SceneDelegate.h */ = {isa = PBXFileReference; lastKnownFileType = sourcecode.c.h; path = SceneDelegate.h; sourceTree = "<group>"; };
		5367FCE125B0289E00CA0311 /* SceneDelegate.m */ = {isa = PBXFileReference; lastKnownFileType = sourcecode.c.objc; path = SceneDelegate.m; sourceTree = "<group>"; };
		5367FCE325B0289E00CA0311 /* MainViewController.h */ = {isa = PBXFileReference; lastKnownFileType = sourcecode.c.h; path = MainViewController.h; sourceTree = "<group>"; };
		5367FCE425B0289E00CA0311 /* MainViewController.m */ = {isa = PBXFileReference; lastKnownFileType = sourcecode.c.objc; path = MainViewController.m; sourceTree = "<group>"; };
		5367FCE925B028A200CA0311 /* Assets.xcassets */ = {isa = PBXFileReference; lastKnownFileType = folder.assetcatalog; path = Assets.xcassets; sourceTree = "<group>"; };
		5367FCEC25B028A200CA0311 /* Base */ = {isa = PBXFileReference; lastKnownFileType = file.storyboard; name = Base; path = Base.lproj/LaunchScreen.storyboard; sourceTree = "<group>"; };
		5367FCEE25B028A200CA0311 /* Info.plist */ = {isa = PBXFileReference; lastKnownFileType = text.plist.xml; path = Info.plist; sourceTree = "<group>"; };
		5367FCEF25B028A200CA0311 /* main.m */ = {isa = PBXFileReference; lastKnownFileType = sourcecode.c.objc; path = main.m; sourceTree = "<group>"; };
		5367FCFE25B03DD800CA0311 /* SecondViewController.h */ = {isa = PBXFileReference; lastKnownFileType = sourcecode.c.h; path = SecondViewController.h; sourceTree = "<group>"; };
		5367FCFF25B03DD800CA0311 /* SecondViewController.m */ = {isa = PBXFileReference; lastKnownFileType = sourcecode.c.objc; path = SecondViewController.m; sourceTree = "<group>"; };
/* End PBXFileReference section */

/* Begin PBXFrameworksBuildPhase section */
		5367FCD725B0289E00CA0311 /* Frameworks */ = {
			isa = PBXFrameworksBuildPhase;
			buildActionMask = 2147483647;
			files = (
			);
			runOnlyForDeploymentPostprocessing = 0;
		};
/* End PBXFrameworksBuildPhase section */

/* Begin PBXGroup section */
		5367FCD125B0289E00CA0311 = {
			isa = PBXGroup;
			children = (
				5367FCDC25B0289E00CA0311 /* Lesson_01_HW */,
				5367FCDB25B0289E00CA0311 /* Products */,
			);
			sourceTree = "<group>";
		};
		5367FCDB25B0289E00CA0311 /* Products */ = {
			isa = PBXGroup;
			children = (
				5367FCDA25B0289E00CA0311 /* Lesson_01_HW.app */,
			);
			name = Products;
			sourceTree = "<group>";
		};
		5367FCDC25B0289E00CA0311 /* Lesson_01_HW */ = {
			isa = PBXGroup;
			children = (
				5367FCDD25B0289E00CA0311 /* AppDelegate.h */,
				5367FCDE25B0289E00CA0311 /* AppDelegate.m */,
				5367FCE025B0289E00CA0311 /* SceneDelegate.h */,
				5367FCE125B0289E00CA0311 /* SceneDelegate.m */,
				5367FCE325B0289E00CA0311 /* MainViewController.h */,
				5367FCE425B0289E00CA0311 /* MainViewController.m */,
				5367FCFE25B03DD800CA0311 /* SecondViewController.h */,
				5367FCFF25B03DD800CA0311 /* SecondViewController.m */,
				5367FCE925B028A200CA0311 /* Assets.xcassets */,
				5367FCEB25B028A200CA0311 /* LaunchScreen.storyboard */,
				5367FCEE25B028A200CA0311 /* Info.plist */,
				5367FCEF25B028A200CA0311 /* main.m */,
			);
			path = Lesson_01_HW;
			sourceTree = "<group>";
		};
/* End PBXGroup section */

/* Begin PBXNativeTarget section */
		5367FCD925B0289E00CA0311 /* Lesson_01_HW */ = {
			isa = PBXNativeTarget;
			buildConfigurationList = 5367FCF325B028A200CA0311 /* Build configuration list for PBXNativeTarget "Lesson_01_HW" */;
			buildPhases = (
				5367FCD625B0289E00CA0311 /* Sources */,
				5367FCD725B0289E00CA0311 /* Frameworks */,
				5367FCD825B0289E00CA0311 /* Resources */,
			);
			buildRules = (
			);
			dependencies = (
			);
			name = Lesson_01_HW;
			productName = Lesson_01_HW;
			productReference = 5367FCDA25B0289E00CA0311 /* Lesson_01_HW.app */;
			productType = "com.apple.product-type.application";
		};
/* End PBXNativeTarget section */

/* Begin PBXProject section */
		5367FCD225B0289E00CA0311 /* Project object */ = {
			isa = PBXProject;
			attributes = {
				LastUpgradeCheck = 1230;
				TargetAttributes = {
					5367FCD925B0289E00CA0311 = {
						CreatedOnToolsVersion = 12.3;
					};
				};
			};
			buildConfigurationList = 5367FCD525B0289E00CA0311 /* Build configuration list for PBXProject "Lesson_01_HW" */;
			compatibilityVersion = "Xcode 9.3";
			developmentRegion = en;
			hasScannedForEncodings = 0;
			knownRegions = (
				en,
				Base,
			);
			mainGroup = 5367FCD125B0289E00CA0311;
			productRefGroup = 5367FCDB25B0289E00CA0311 /* Products */;
			projectDirPath = "";
			projectRoot = "";
			targets = (
				5367FCD925B0289E00CA0311 /* Lesson_01_HW */,
			);
		};
/* End PBXProject section */

/* Begin PBXResourcesBuildPhase section */
		5367FCD825B0289E00CA0311 /* Resources */ = {
			isa = PBXResourcesBuildPhase;
			buildActionMask = 2147483647;
			files = (
				5367FCED25B028A200CA0311 /* LaunchScreen.storyboard in Resources */,
				5367FCEA25B028A200CA0311 /* Assets.xcassets in Resources */,
			);
			runOnlyForDeploymentPostprocessing = 0;
		};
/* End PBXResourcesBuildPhase section */

/* Begin PBXSourcesBuildPhase section */
		5367FCD625B0289E00CA0311 /* Sources */ = {
			isa = PBXSourcesBuildPhase;
			buildActionMask = 2147483647;
			files = (
				5367FCE525B0289E00CA0311 /* MainViewController.m in Sources */,
				5367FCDF25B0289E00CA0311 /* AppDelegate.m in Sources */,
				5367FCF025B028A200CA0311 /* main.m in Sources */,
				5367FD0025B03DD800CA0311 /* SecondViewController.m in Sources */,
				5367FCE225B0289E00CA0311 /* SceneDelegate.m in Sources */,
			);
			runOnlyForDeploymentPostprocessing = 0;
		};
/* End PBXSourcesBuildPhase section */

/* Begin PBXVariantGroup section */
		5367FCEB25B028A200CA0311 /* LaunchScreen.storyboard */ = {
			isa = PBXVariantGroup;
			children = (
				5367FCEC25B028A200CA0311 /* Base */,
			);
			name = LaunchScreen.storyboard;
			sourceTree = "<group>";
		};
/* End PBXVariantGroup section */

/* Begin XCBuildConfiguration section */
		5367FCF125B028A200CA0311 /* Debug */ = {
			isa = XCBuildConfiguration;
			buildSettings = {
				ALWAYS_SEARCH_USER_PATHS = NO;
				CLANG_ANALYZER_NONNULL = YES;
				CLANG_ANALYZER_NUMBER_OBJECT_CONVERSION = YES_AGGRESSIVE;
				CLANG_CXX_LANGUAGE_STANDARD = "gnu++14";
				CLANG_CXX_LIBRARY = "libc++";
				CLANG_ENABLE_MODULES = YES;
				CLANG_ENABLE_OBJC_ARC = YES;
				CLANG_ENABLE_OBJC_WEAK = YES;
				CLANG_WARN_BLOCK_CAPTURE_AUTORELEASING = YES;
				CLANG_WARN_BOOL_CONVERSION = YES;
				CLANG_WARN_COMMA = YES;
				CLANG_WARN_CONSTANT_CONVERSION = YES;
				CLANG_WARN_DEPRECATED_OBJC_IMPLEMENTATIONS = YES;
				CLANG_WARN_DIRECT_OBJC_ISA_USAGE = YES_ERROR;
				CLANG_WARN_DOCUMENTATION_COMMENTS = YES;
				CLANG_WARN_EMPTY_BODY = YES;
				CLANG_WARN_ENUM_CONVERSION = YES;
				CLANG_WARN_INFINITE_RECURSION = YES;
				CLANG_WARN_INT_CONVERSION = YES;
				CLANG_WARN_NON_LITERAL_NULL_CONVERSION = YES;
				CLANG_WARN_OBJC_IMPLICIT_RETAIN_SELF = YES;
				CLANG_WARN_OBJC_LITERAL_CONVERSION = YES;
				CLANG_WARN_OBJC_ROOT_CLASS = YES_ERROR;
				CLANG_WARN_QUOTED_INCLUDE_IN_FRAMEWORK_HEADER = YES;
				CLANG_WARN_RANGE_LOOP_ANALYSIS = YES;
				CLANG_WARN_STRICT_PROTOTYPES = YES;
				CLANG_WARN_SUSPICIOUS_MOVE = YES;
				CLANG_WARN_UNGUARDED_AVAILABILITY = YES_AGGRESSIVE;
				CLANG_WARN_UNREACHABLE_CODE = YES;
				CLANG_WARN__DUPLICATE_METHOD_MATCH = YES;
				COPY_PHASE_STRIP = NO;
				DEBUG_INFORMATION_FORMAT = dwarf;
				ENABLE_STRICT_OBJC_MSGSEND = YES;
				ENABLE_TESTABILITY = YES;
				GCC_C_LANGUAGE_STANDARD = gnu11;
				GCC_DYNAMIC_NO_PIC = NO;
				GCC_NO_COMMON_BLOCKS = YES;
				GCC_OPTIMIZATION_LEVEL = 0;
				GCC_PREPROCESSOR_DEFINITIONS = (
					"DEBUG=1",
					"$(inherited)",
				);
				GCC_WARN_64_TO_32_BIT_CONVERSION = YES;
				GCC_WARN_ABOUT_RETURN_TYPE = YES_ERROR;
				GCC_WARN_UNDECLARED_SELECTOR = YES;
				GCC_WARN_UNINITIALIZED_AUTOS = YES_AGGRESSIVE;
				GCC_WARN_UNUSED_FUNCTION = YES;
				GCC_WARN_UNUSED_VARIABLE = YES;
				IPHONEOS_DEPLOYMENT_TARGET = 14.3;
				MTL_ENABLE_DEBUG_INFO = INCLUDE_SOURCE;
				MTL_FAST_MATH = YES;
				ONLY_ACTIVE_ARCH = YES;
				SDKROOT = iphoneos;
			};
			name = Debug;
		};
		5367FCF225B028A200CA0311 /* Release */ = {
			isa = XCBuildConfiguration;
			buildSettings = {
				ALWAYS_SEARCH_USER_PATHS = NO;
				CLANG_ANALYZER_NONNULL = YES;
				CLANG_ANALYZER_NUMBER_OBJECT_CONVERSION = YES_AGGRESSIVE;
				CLANG_CXX_LANGUAGE_STANDARD = "gnu++14";
				CLANG_CXX_LIBRARY = "libc++";
				CLANG_ENABLE_MODULES = YES;
				CLANG_ENABLE_OBJC_ARC = YES;
				CLANG_ENABLE_OBJC_WEAK = YES;
				CLANG_WARN_BLOCK_CAPTURE_AUTORELEASING = YES;
				CLANG_WARN_BOOL_CONVERSION = YES;
				CLANG_WARN_COMMA = YES;
				CLANG_WARN_CONSTANT_CONVERSION = YES;
				CLANG_WARN_DEPRECATED_OBJC_IMPLEMENTATIONS = YES;
				CLANG_WARN_DIRECT_OBJC_ISA_USAGE = YES_ERROR;
				CLANG_WARN_DOCUMENTATION_COMMENTS = YES;
				CLANG_WARN_EMPTY_BODY = YES;
				CLANG_WARN_ENUM_CONVERSION = YES;
				CLANG_WARN_INFINITE_RECURSION = YES;
				CLANG_WARN_INT_CONVERSION = YES;
				CLANG_WARN_NON_LITERAL_NULL_CONVERSION = YES;
				CLANG_WARN_OBJC_IMPLICIT_RETAIN_SELF = YES;
				CLANG_WARN_OBJC_LITERAL_CONVERSION = YES;
				CLANG_WARN_OBJC_ROOT_CLASS = YES_ERROR;
				CLANG_WARN_QUOTED_INCLUDE_IN_FRAMEWORK_HEADER = YES;
				CLANG_WARN_RANGE_LOOP_ANALYSIS = YES;
				CLANG_WARN_STRICT_PROTOTYPES = YES;
				CLANG_WARN_SUSPICIOUS_MOVE = YES;
				CLANG_WARN_UNGUARDED_AVAILABILITY = YES_AGGRESSIVE;
				CLANG_WARN_UNREACHABLE_CODE = YES;
				CLANG_WARN__DUPLICATE_METHOD_MATCH = YES;
				COPY_PHASE_STRIP = NO;
				DEBUG_INFORMATION_FORMAT = "dwarf-with-dsym";
				ENABLE_NS_ASSERTIONS = NO;
				ENABLE_STRICT_OBJC_MSGSEND = YES;
				GCC_C_LANGUAGE_STANDARD = gnu11;
				GCC_NO_COMMON_BLOCKS = YES;
				GCC_WARN_64_TO_32_BIT_CONVERSION = YES;
				GCC_WARN_ABOUT_RETURN_TYPE = YES_ERROR;
				GCC_WARN_UNDECLARED_SELECTOR = YES;
				GCC_WARN_UNINITIALIZED_AUTOS = YES_AGGRESSIVE;
				GCC_WARN_UNUSED_FUNCTION = YES;
				GCC_WARN_UNUSED_VARIABLE = YES;
				IPHONEOS_DEPLOYMENT_TARGET = 14.3;
				MTL_ENABLE_DEBUG_INFO = NO;
				MTL_FAST_MATH = YES;
				SDKROOT = iphoneos;
				VALIDATE_PRODUCT = YES;
			};
			name = Release;
		};
		5367FCF425B028A200CA0311 /* Debug */ = {
			isa = XCBuildConfiguration;
			buildSettings = {
				ASSETCATALOG_COMPILER_APPICON_NAME = AppIcon;
				ASSETCATALOG_COMPILER_GLOBAL_ACCENT_COLOR_NAME = AccentColor;
				CODE_SIGN_STYLE = Automatic;
				DEVELOPMENT_TEAM = Q4LW3VMR26;
				INFOPLIST_FILE = Lesson_01_HW/Info.plist;
				LD_RUNPATH_SEARCH_PATHS = (
					"$(inherited)",
					"@executable_path/Frameworks",
				);
				PRODUCT_BUNDLE_IDENTIFIER = "UCG.Lesson-01-HW";
				PRODUCT_NAME = "$(TARGET_NAME)";
				TARGETED_DEVICE_FAMILY = "1,2";
			};
			name = Debug;
		};
		5367FCF525B028A200CA0311 /* Release */ = {
			isa = XCBuildConfiguration;
			buildSettings = {
				ASSETCATALOG_COMPILER_APPICON_NAME = AppIcon;
				ASSETCATALOG_COMPILER_GLOBAL_ACCENT_COLOR_NAME = AccentColor;
				CODE_SIGN_STYLE = Automatic;
				DEVELOPMENT_TEAM = Q4LW3VMR26;
				INFOPLIST_FILE = Lesson_01_HW/Info.plist;
				LD_RUNPATH_SEARCH_PATHS = (
					"$(inherited)",
					"@executable_path/Frameworks",
				);
				PRODUCT_BUNDLE_IDENTIFIER = "UCG.Lesson-01-HW";
				PRODUCT_NAME = "$(TARGET_NAME)";
				TARGETED_DEVICE_FAMILY = "1,2";
			};
			name = Release;
		};
/* End XCBuildConfiguration section */

/* Begin XCConfigurationList section */
		5367FCD525B0289E00CA0311 /* Build configuration list for PBXProject "Lesson_01_HW" */ = {
			isa = XCConfigurationList;
			buildConfigurations = (
				5367FCF125B028A200CA0311 /* Debug */,
				5367FCF225B028A200CA0311 /* Release */,
			);
			defaultConfigurationIsVisible = 0;
			defaultConfigurationName = Release;
		};
		5367FCF325B028A200CA0311 /* Build configuration list for PBXNativeTarget "Lesson_01_HW" */ = {
			isa = XCConfigurationList;
			buildConfigurations = (
				5367FCF425B028A200CA0311 /* Debug */,
				5367FCF525B028A200CA0311 /* Release */,
			);
			defaultConfigurationIsVisible = 0;
			defaultConfigurationName = Release;
		};
/* End XCConfigurationList section */
	};
	rootObject = 5367FCD225B0289E00CA0311 /* Project object */;
}
